
Microsoft Visual Studio Solution File, Format Version 12.00
# Visual Studio Version 17
VisualStudioVersion = 17.14.36401.2
MinimumVisualStudioVersion = 10.0.40219.1
Project("{FAE04EC0-301F-11D3-BF4B-00C04F79EFBC}") = "ContosoUniversity", "ContosoUniversity\ContosoUniversity.csproj", "{6C97D479-9638-4F7D-BF99-CDE0798D53E6}"
EndProject
Global
	GlobalSection(SolutionConfigurationPlatforms) = preSolution
		Debug|Any CPU = Debug|Any CPU
		Release|Any CPU = Release|Any CPU
	EndGlobalSection
	GlobalSection(ProjectConfigurationPlatforms) = postSolution
		{6C97D479-9638-4F7D-BF99-CDE0798D53E6}.Debug|Any CPU.ActiveCfg = Debug|Any CPU
		{6C97D479-9638-4F7D-BF99-CDE0798D53E6}.Debug|Any CPU.Build.0 = Debug|Any CPU
		{6C97D479-9638-4F7D-BF99-CDE0798D53E6}.Release|Any CPU.ActiveCfg = Release|Any CPU
		{6C97D479-9638-4F7D-BF99-CDE0798D53E6}.Release|Any CPU.Build.0 = Release|Any CPU
	EndGlobalSection
	GlobalSection(SolutionProperties) = preSolution
		HideSolutionNode = FALSE
	EndGlobalSection
	GlobalSection(ExtensibilityGlobals) = postSolution
		SolutionGuid = {A762E595-2EA7-4F2D-8842-159D45A1FD24}
	EndGlobalSection
EndGlobal
